dario.cat/mergo v1.0.0 h1:AGCNq9Evsj31mOgNPcLyXc+4PNABt905YmuqPYYpBWk=
dario.cat/mergo v1.0.0/go.mod h1:uNxQE+84aUszobStD9th8a29P2fMDhsBdgRYvZOxGmk=
filippo.io/edwards25519 v1.1.0 h1:FNf4tywRC1HmFuKW5xopWpigGjJKiJSV0Cqo0cJWDaA=
filippo.io/edwards25519 v1.1.0/go.mod h1:BxyFTGdWcka3PhytdK4V28tE5sGfRvvvRV7EaN4VDT4=
github.com/99designs/go-keychain v0.0.0-20191008050251-8e49817e8af4 h1:/vQbFIOMbk2FiG/kXiLl8BRyzTWDw7gX/Hz7Dd5eDMs=
github.com/99designs/go-keychain v0.0.0-20191008050251-8e49817e8af4/go.mod h1:hN7oaIRCjzsZ2dE+yG5k+rsdt3qcwykqK6HVGcKwsw4=
github.com/99designs/keyring v1.2.2 h1:pZd3neh/EmUzWONb35LxQfvuY7kiSXAq3HQd97+XBn0=
github.com/99designs/keyring v1.2.2/go.mod h1:wes/FrByc8j7lFOAGLGSNEg8f/PaI3cgTBqhFkHUrPk=
github.com/Azure/azure-sdk-for-go/sdk/azcore v1.22.0 h1:aokoqcHvaGjiM3VpjKDfMMnF/8epJ+Q1HLJ7CudztqE=
github.com/Azure/azure-sdk-for-go/sdk/azcore v1.22.0/go.mod h1:/WYEx9pcM9Y+Dd/APJaNlSvVSvzl54rrMdZT5+Oi2LM=
github.com/Azure/azure-sdk-for-go/sdk/azidentity v1.13.1 h1:Hk5QBxZQC1jb2Fwj6mpzme37xbCDdNTxU7O9eb5+LB4=
github.com/Azure/azure-sdk-for-go/sdk/azidentity v1.13.1/go.mod h1:IYus9qsFobWIc2YVwe/WPjcnyCkPKtnHAqUYeebc8z0=
github.com/Azure/azure-sdk-for-go/sdk/internal v1.12.0 h1:fhqpLE3UEXi9lPaBRpQ6XuRW0nU7hgg4zlmZZa+a9q4=
github.com/Azure/azure-sdk-for-go/sdk/internal v1.12.0/go.mod h1:7dCRMLwisfRH3dBupKeNCioWYUZ4SS09Z14H+7i8ZoY=
github.com/Azure/azure-sdk-for-go/sdk/resourcemanager/storage/armstorage v1.8.1 h1:/Zt+cDPnpC3OVDm/JKLOs7M2DKmLRIIp3XIx9pHHiig=
github.com/Azure/azure-sdk-for-go/sdk/resourcemanager/storage/armstorage v1.8.1/go.mod h1:Ng3urmn6dYe8gnbCMoHHVl5APYz2txho3koEkV2o2HA=
github.com/Azure/azure-sdk-for-go/sdk/storage/azblob v1.8.0 h1:irsmOWwkp0KCTTNS5e2hdFeIvSQClQo2No3IaNmL3Vw=
github.com/Azure/azure-sdk-for-go/sdk/storage/azblob v1.8.0/go.mod h1:GWcBkQj3MqN7ozHKLaCCAuNLiXoIGv2RtanfAwSjY/Y=
github.com/AzureAD/microsoft-authentication-library-for-go v1.7.2 h1:RHK7bS+HQMslb1sZpAokUt+zTVmue0hKSs2C791hhzU=
github.com/AzureAD/microsoft-authentication-library-for-go v1.7.2/go.mod h1:HKpQxkWaGLJ+D/5H8QRpyQXA1eKjxkFlOMwck5+33Jk=
github.com/BurntSushi/toml v1.6.0 h1:dRaEfpa2VI55EwlIW72hMRHdWouJeRF7TPYhI+AUQjk=
github.com/BurntSushi/toml v1.6.0/go.mod h1:ukJfTF/6rtPPRCnwkur4qwRxa8vTRFBF0uk2lLoLwho=
github.com/Microsoft/go-winio v0.6.2 h1:F2VQgta7ecxGYO8k3ZZz3RS8fVIXVxONVUPlNERoyfY=
github.com/Microsoft/go-winio v0.6.2/go.mod h1:yd8OoFMLzJbo9gZq8j5qaps8bJ9aShtEA8Ipt1oGCvU=
github.com/ProtonMail/go-crypto v1.4.1 h1:9RfcZHqEQUvP8RzecWEUafnZVtEvrBVL9BiF67IQOfM=
github.com/ProtonMail/go-crypto v1.4.1/go.mod h1:e1OaTyu5SYVrO9gKOEhTc+5UcXtTUa+P3uLudwcgPqo=
github.com/agext/levenshtein v1.2.3 h1:YB2fHEn0UJagG8T1rrWknE3ZQzWM06O8AMAatNn7lmo=
github.com/agext/levenshtein v1.2.3/go.mod h1:JEDfjyjHDjOF/1e4FlBE/PkbqA9OfWu2ki2W0IB5558=
github.com/andybalholm/brotli v1.2.1 h1:R+f5xP285VArJDRgowrfb9DqL18yVK0gKAW/F+eTWro=
github.com/andybalholm/brotli v1.2.1/go.mod h1:rzTDkvFWvIrjDXZHkuS16NPggd91W3kUSvPlQ1pLaKY=
github.com/apache/arrow-go/v18 v18.6.0 h1:GX/Jyd3R7mCLiECAwY9FWbbaYblie2WXBSz4Sw8fNpM=
github.com/apache/arrow-go/v18 v18.6.0/go.mod h1:gm3MiPpY82fLYK5VKPB3WoJbsiLVDfT7flD5/vHReKw=
github.com/apache/thrift v0.22.0 h1:r7mTJdj51TMDe6RtcmNdQxgn9XcyfGDOzegMDRg47uc=
github.com/apache/thrift v0.22.0/go.mod h1:1e7J/O1Ae6ZQMTYdy9xa3w9k+XHWPfRvdPyJeynQ+/g=
github.com/apparentlymart/go-textseg/v12 v12.0.0/go.mod h1:S/4uRK2UtaQttw1GenVJEynmyUenKwP++x/+DdGV/Ec=
github.com/apparentlymart/go-textseg/v15 v15.0.0 h1:uYvfpb3DyLSCGWnctWKGj857c6ew1u1fNQOlOtuGxQY=
github.com/apparentlymart/go-textseg/v15 v15.0.0/go.mod h1:K8XmNZdhEBkdlyDdvbmmsvpAG721bKi0joRfFdHIWJ4=
github.com/aws/aws-sdk-go-v2 v1.43.0 h1:fharf/WhbRAVZ1du0QL7roNFxZ6T/sWr+4Ni617bwSI=
github.com/aws/aws-sdk-go-v2 v1.43.0/go.mod h1:5pKeft2eJj+gElQ38Jqg4ibCqh+/AK33/0X3hip7IjM=
github.com/aws/aws-sdk-go-v2/aws/protocol/eventstream v1.7.14 h1:3IZY0XAJquT3aHzbkHfPzy4ACPcEjVG0x87KOwtpqGY=
github.com/aws/aws-sdk-go-v2/aws/protocol/eventstream v1.7.14/go.mod h1:zwM6veDkhGgQFqkBy+uT28AAYpLu+uFMlPl+rCg/73E=
github.com/aws/aws-sdk-go-v2/config v1.32.31 h1:n4nY9O3QKoHIkL85EX+V8RcMFtOhlpTFhGArg915PXk=
github.com/aws/aws-sdk-go-v2/config v1.32.31/go.mod h1:PN0NYDCCoOpGGsZ2+elDUidmHfQBPyYzN2GCgl8HEBs=
github.com/aws/aws-sdk-go-v2/credentials v1.19.30 h1:TTCvvzFU6gXa4iJecNG/0F/B0oYTiazoRECr2XyLHrY=
github.com/aws/aws-sdk-go-v2/credentials v1.19.30/go.mod h1:jKxAp2AEncnliinzpgOSZDFv6+VjvWhjw/AtbfsWT9U=
github.com/aws/aws-sdk-go-v2/feature/ec2/imds v1.18.31 h1:kfVL5wAunCJycL6MOQ6aNh6PlAYEymflcjuKmrWUA0o=
github.com/aws/aws-sdk-go-v2/feature/ec2/imds v1.18.31/go.mod h1:nWfRNDAppujCQgOUd43lKT4yeLv9z3nJ3bw1G3BgQKo=
github.com/aws/aws-sdk-go-v2/feature/s3/transfermanager v0.3.5 h1:7ZFdtE1XEHH+58GZU4Mbhq6SO/UbColleDApOtlv3vo=
github.com/aws/aws-sdk-go-v2/feature/s3/transfermanager v0.3.5/go.mod h1:M/qt7xBBXqilBwNmrO1yiu0cywZwQx5aqtKpdJN9J2A=
github.com/aws/aws-sdk-go-v2/internal/configsources v1.4.31 h1:Z8F3hfCY33IGpJjFAnv0wvtv1FIKj1GHmRDEYqy64tw=
github.com/aws/aws-sdk-go-v2/internal/configsources v1.4.31/go.mod h1:aVyUoytEyOViR6jhq6jula0xkc5NfBE2hgeF6BvOrao=
github.com/aws/aws-sdk-go-v2/internal/endpoints/v2 v2.7.31 h1:hyOxUyXdh3AyjE93gBgsfziJag9ACwcs+ZpDBLzi8mw=
github.com/aws/aws-sdk-go-v2/internal/endpoints/v2 v2.7.31/go.mod h1:OERqI9k0draSLB8O8woxY3q25ZWTELRK4RRoLMuMZFo=
github.com/aws/aws-sdk-go-v2/internal/v4a v1.4.32 h1:0MrUL35H/Y4kdFfItoR5jCgtDQ4Z/8LudAoIHRfA4hE=
github.com/aws/aws-sdk-go-v2/internal/v4a v1.4.32/go.mod h1:2tNZkuWz54arj8mHVf+8Y7cKkcD8Wr/fBpENgEXpjLc=
github.com/aws/aws-sdk-go-v2/service/internal/accept-encoding v1.13.13 h1:mbRIur/BiHK6SKPjoBIXSE/hJ6g6JGRLuxQy1jGjlN4=
github.com/aws/aws-sdk-go-v2/service/internal/accept-encoding v1.13.13/go.mod h1:ITg9em2KbJx1s0y4aqRX5OYWG6HBZ5TVR//OdpEZ2CQ=
github.com/aws/aws-sdk-go-v2/service/internal/checksum v1.9.24 h1:mdPwDQPqxlw9Sc62Nt15yjEcARaDbPXkjRYtXsUripo=
github.com/aws/aws-sdk-go-v2/service/internal/checksum v1.9.24/go.mod h1:ls5ytnwLTcQaUu32fMYXFI3MjpKuTwL840PAm9iqyEg=
github.com/aws/aws-sdk-go-v2/service/internal/presigned-url v1.13.31 h1:w2SIhW92DZPFrSL4ksVCr8IYff5OZwIcxg8+95tzvAI=
github.com/aws/aws-sdk-go-v2/service/internal/presigned-url v1.13.31/go.mod h1:wAhpCQbkov+IcvjozJbd2xRCoZybUEHNkcFunssNACg=
github.com/aws/aws-sdk-go-v2/service/internal/s3shared v1.19.32 h1:jWXtZdCnhXa9sGFixRaU2AxT4DIVse9HS4E2f+/KwV0=
github.com/aws/aws-sdk-go-v2/service/internal/s3shared v1.19.32/go.mod h1:9JS1UpfVvyD/ZPX8GsKb/Pq8scEM+7GP5fqh9SwH7po=
github.com/aws/aws-sdk-go-v2/service/s3 v1.106.0 h1:7QZWVJZWzHivHWIa+5TELLaBBkbuoj0GPwQtMlJ0sqk=
github.com/aws/aws-sdk-go-v2/service/s3 v1.106.0/go.mod h1:fcvq5L7dK+5cQFicEJwpI6e6Wn8NY2i6yT5wRLYVc7s=
github.com/aws/aws-sdk-go-v2/service/signin v1.5.0 h1:OHH5iTQvVGmfHjX/5Q+vFuA/Rf2x6/95aJ/75QCQSm4=
github.com/aws/aws-sdk-go-v2/service/signin v1.5.0/go.mod h1:mCF3AK9PpL49oOrhniUXWAfhVBVQ/XbytoE5eccZUIs=
github.com/aws/aws-sdk-go-v2/service/sso v1.33.0 h1:CaJyYhxBE0M/HJX/YvSaSmQlsI91VHB0lKU8LtLxL3A=
github.com/aws/aws-sdk-go-v2/service/sso v1.33.0/go.mod h1:+e6BMRMPjBQoCw/WovYR9GLy2IU0z4Q77smOB1DraSg=
github.com/aws/aws-sdk-go-v2/service/ssooidc v1.38.0 h1:tC323YV77QdafeBr6LUhLDTsboyuyHLNRwAyCP44kGU=
github.com/aws/aws-sdk-go-v2/service/ssooidc v1.38.0/go.mod h1:SfLK1sgviHmbI+MozR9iDwDjL4cdCVZtahsjoR+z7wg=
github.com/aws/aws-sdk-go-v2/service/sts v1.45.0 h1:Pd6PNlp4t8PTXxqzstICl52Wsy78vpjFZ7PRUj44mJc=
github.com/aws/aws-sdk-go-v2/service/sts v1.45.0/go.mod h1:rmQ0TnHzuLPmabgjPcsywhsSOmaBDgzR4zvDxSPsGdg=
github.com/aws/smithy-go v1.27.4 h1:JQcphmBN4f0q/sPqXqROIItRNV/hy10cgu7CsFy616M=
github.com/aws/smithy-go v1.27.4/go.mod h1:YE2RhdIuDbA5E5bTdciG9KrW3+TiEONeUWCqxX9i1Fc=
github.com/brianvoe/gofakeit/v6 v6.28.0 h1:Xib46XXuQfmlLS2EXRuJpqcw8St6qSZz75OUo0tgAW4=
github.com/brianvoe/gofakeit/v6 v6.28.0/go.mod h1:Xj58BMSnFqcn/fAQeSK+/PLtC5kSb7FJIq4JyGa8vEs=
github.com/bufbuild/protocompile v0.14.1 h1:iA73zAf/fyljNjQKwYzUHD6AD4R8KMasmwa/FBatYVw=
github.com/bufbuild/protocompile v0.14.1/go.mod h1:ppVdAIhbr2H8asPk6k4pY7t9zB1OU5DoEw9xY/FUi1c=
github.com/cespare/xxhash/v2 v2.3.0 h1:UL815xU9SqsFlibzuggzjXhog7bL6oX9BbNZnL2UFvs=
github.com/cespare/xxhash/v2 v2.3.0/go.mod h1:VGX0DQ3Q6kWi7AoAeZDth3/j3BFtOZR5XLFGgcrjCOs=
github.com/cloudflare/circl v1.6.3 h1:9GPOhQGF9MCYUeXyMYlqTR6a5gTrgR/fBLXvUgtVcg8=
github.com/cloudflare/circl v1.6.3/go.mod h1:2eXP6Qfat4O/Yhh8BznvKnJ+uzEoTQ6jVKJRn81BiS4=
github.com/cyphar/filepath-securejoin v0.4.1 h1:JyxxyPEaktOD+GAnqIqTf9A8tHyAG22rowi7HkoSU1s=
github.com/cyphar/filepath-securejoin v0.4.1/go.mod h1:Sdj7gXlvMcPZsbhwhQ33GguGLDGQL7h7bg04C/+u9jI=
github.com/danieljoos/wincred v1.2.3 h1:v7dZC2x32Ut3nEfRH+vhoZGvN72+dQ/snVXo/vMFLdQ=
github.com/danieljoos/wincred v1.2.3/go.mod h1:6qqX0WNrS4RzPZ1tnroDzq9kY3fu1KwE7MRLQK4X0bs=
github.com/davecgh/go-spew v1.1.0/go.mod h1:J7Y8YcW2NihsgmVo/mv3lAwl/skON4iLHjSsI+c5H38=
github.com/davecgh/go-spew v1.1.1/go.mod h1:J7Y8YcW2NihsgmVo/mv3lAwl/skON4iLHjSsI+c5H38=
github.com/davecgh/go-spew v1.1.2-0.20180830191138-d8f796af33cc h1:U9qPSI2PIWSS1VwoXQT9A3Wy9MM3WgvqSxFWenqJduM=
github.com/davecgh/go-spew v1.1.2-0.20180830191138-d8f796af33cc/go.mod h1:J7Y8YcW2NihsgmVo/mv3lAwl/skON4iLHjSsI+c5H38=
github.com/dvsekhvalnov/jose2go v1.8.0 h1:LqkkVKAlHFfH9LOEl5fe4p/zL02OhWE7pCufMBG2jLA=
github.com/dvsekhvalnov/jose2go v1.8.0/go.mod h1:QsHjhyTlD/lAVqn/NSbVZmSCGeDehTB/mPZadG+mhXU=
github.com/emirpasic/gods v1.18.1 h1:FXtiHYKDGKCW2KzwZKx0iC0PQmdlorYgdFG9jPXJ1Bc=
github.com/emirpasic/gods v1.18.1/go.mod h1:8tpGGwCnJ5H4r6BWwaV6OrWmMoPhUl5jm/FMNAnJvWQ=
github.com/fatih/color v1.13.0/go.mod h1:kLAiJbzzSOZDVNGyDpeOxJ47H46qBXwg5ILebYFFOfk=
github.com/fatih/color v1.19.0 h1:Zp3PiM21/9Ld6FzSKyL5c/BULoe/ONr9KlbYVOfG8+w=
github.com/fatih/color v1.19.0/go.mod h1:zNk67I0ZUT1bEGsSGyCZYZNrHuTkJJB+r6Q9VuMi0LE=
github.com/gabriel-vasile/mimetype v1.4.13 h1:46nXokslUBsAJE/wMsp5gtO500a4F3Nkz9Ufpk2AcUM=
github.com/gabriel-vasile/mimetype v1.4.13/go.mod h1:d+9Oxyo1wTzWdyVUPMmXFvp4F9tea18J8ufA774AB3s=
github.com/go-git/gcfg v1.5.1-0.20230307220236-3a3c6141e376 h1:+zs/tPmkDkHx3U66DAb0lQFJrpS6731Oaa12ikc+DiI=
github.com/go-git/gcfg v1.5.1-0.20230307220236-3a3c6141e376/go.mod h1:an3vInlBmSxCcxctByoQdvwPiA7DTK7jaaFDBTtu0ic=
github.com/go-git/go-billy/v5 v5.8.0 h1:I8hjc3LbBlXTtVuFNJuwYuMiHvQJDq1AT6u4DwDzZG0=
github.com/go-git/go-billy/v5 v5.8.0/go.mod h1:RpvI/rw4Vr5QA+Z60c6d6LXH0rYJo0uD5SqfmrrheCY=
github.com/go-git/go-git/v5 v5.18.0 h1:O831KI+0PR51hM2kep6T8k+w0/LIAD490gvqMCvL5hM=
github.com/go-git/go-git/v5 v5.18.0/go.mod h1:pW/VmeqkanRFqR6AljLcs7EA7FbZaN5MQqO7oZADXpo=
github.com/go-logr/logr v1.4.3 h1:CjnDlHq8ikf6E492q6eKboGOC0T8CDaOvkHCIg8idEI=
github.com/go-logr/logr v1.4.3/go.mod h1:9T104GzyrTigFIr8wt5mBrctHMim0Nb2HLGrmQ40KvY=
github.com/go-logr/stdr v1.2.2 h1:hSWxHoqTgW2S2qGc0LTAI563KZ5YKYRhT3MFKZMbjag=
github.com/go-logr/stdr v1.2.2/go.mod h1:mMo/vtBO5dYbehREoey6XUKy/eSumjCCveDpRre4VKE=
github.com/go-quicktest/qt v1.102.0 h1:HSQxCeh5YZH3EL3W39ixjtyaEhcWSXQHtHnMBzSs474=
github.com/go-quicktest/qt v1.102.0/go.mod h1:p4lGIVX+8Wa6ZPNDvqcxq36XpUDLh42FLetFU7odllI=
github.com/go-sql-driver/mysql v1.8.1 h1:LedoTUt/eveggdHS9qUFC1EFSa8bU2+1pZjSRpvNJ1Y=
github.com/go-sql-driver/mysql v1.8.1/go.mod h1:wEBSXgmK//2ZFJyE+qWnIsVGmvmEKlqwuVSjsCm7DZg=
github.com/go-test/deep v1.0.3 h1:ZrJSEWsXzPOxaZnFteGEfooLba+ju3FYIbOrS+rQd68=
github.com/go-test/deep v1.0.3/go.mod h1:wGDj63lr65AM2AQyKZd/NYHGb0R+1RLqB8NKt3aSFNA=
github.com/goccy/go-json v0.10.6 h1:p8HrPJzOakx/mn/bQtjgNjdTcN+/S6FcG2CTtQOrHVU=
github.com/goccy/go-json v0.10.6/go.mod h1:oq7eo15ShAhp70Anwd5lgX2pLfOS3QCiwU/PULtXL6M=
github.com/goccy/go-yaml v1.19.2 h1:PmFC1S6h8ljIz6gMRBopkjP1TVT7xuwrButHID66PoM=
github.com/goccy/go-yaml v1.19.2/go.mod h1:XBurs7gK8ATbW4ZPGKgcbrY1Br56PdM69F7LkFRi1kA=
github.com/godbus/dbus v0.0.0-20190726142602-4481cbc300e2 h1:ZpnhV/YsD2/4cESfV5+Hoeu/iUR3ruzNvZ+yQfO03a0=
github.com/godbus/dbus v0.0.0-20190726142602-4481cbc300e2/go.mod h1:bBOAhwG1umN6/6ZUMtDFBMQR8jRg9O75tm9K00oMsK4=
github.com/golang-jwt/jwt/v5 v5.3.1 h1:kYf81DTWFe7t+1VvL7eS+jKFVWaUnK9cB1qbwn63YCY=
github.com/golang-jwt/jwt/v5 v5.3.1/go.mod h1:fxCRLWMO43lRc8nhHWY6LGqRcf+1gQWArsqaEUEa5bE=
github.com/golang/groupcache v0.0.0-20241129210726-2c02b8208cf8 h1:f+oWsMOmNPc8JmEHVZIycC7hBoQxHH9pNKQORJNozsQ=
github.com/golang/groupcache v0.0.0-20241129210726-2c02b8208cf8/go.mod h1:wcDNUvekVysuuOpQKo3191zZyTpiI6se1N1ULghS0sw=
github.com/golang/protobuf v1.1.0/go.mod h1:6lQm79b+lXiMfvg/cZm0SGofjICqVBUtrP5yJMmIC1U=
github.com/golang/protobuf v1.5.0/go.mod h1:FsONVRAS9T7sI+LIUmWTfcYkHO4aIWwzhcaSAoJOfIk=
github.com/golang/protobuf v1.5.2/go.mod h1:XVQd3VNwM+JqD3oG2Ue2ip4fOMUkwXdXDdiuN0vRsmY=
github.com/golang/protobuf v1.5.4 h1:i7eJL8qZTpSEXOPTxNKhASYpMn+8e5Q6AdndVa1dWek=
github.com/golang/protobuf v1.5.4/go.mod h1:lnTiLA8Wa4RWRcIUkrtSVa5nRhsEGBg48fD6rSs7xps=
github.com/google/flatbuffers v25.12.19+incompatible h1:haMV2JRRJCe1998HeW/p0X9UaMTK6SDo0ffLn2+DbLs=
github.com/google/flatbuffers v25.12.19+incompatible/go.mod h1:1AeVuKshWv4vARoZatz6mlQ0JxURH0Kv5+zNeJKJCa8=
github.com/google/go-cmp v0.3.1/go.mod h1:8QqcDgzrUqlUb/G2PQTWiueGozuR1884gddMywk6iLU=
github.com/google/go-cmp v0.5.5/go.mod h1:v8dTdLbMG2kIc/vJvl+f65V22dbkXbowE6jgT/gNBxE=
github.com/google/go-cmp v0.7.0 h1:wk8382ETsv4JYUZwIsn6YpYiWiBsYLSJiTsyBybVuN8=
github.com/google/go-cmp v0.7.0/go.mod h1:pXiqmnSA92OHEEa9HXL2W4E7lf9JzCmGVUdgjX3N/iU=
github.com/google/uuid v1.6.0 h1:NIvaJDMOsjHA8n1jAhLSgzrAzy1Hgr+hNrb57e+94F0=
github.com/google/uuid v1.6.0/go.mod h1:TIyPZe4MgqvfeYDBFedMoGGpEw/LqOeaOT+nhxU+yHo=
github.com/gsterjov/go-libsecret v0.0.0-20161001094733-a6f4afe4910c h1:6rhixN/i8ZofjG1Y75iExal34USq5p+wiN1tpie8IrU=
github.com/gsterjov/go-libsecret v0.0.0-20161001094733-a6f4afe4910c/go.mod h1:NMPJylDgVpX0MLRlPy15sqSwOFv/U1GZ2m21JhFfek0=
github.com/hashicorp/errwrap v1.0.0/go.mod h1:YH+1FKiLXxHSkmPseP+kNlulaMuP3n2brvKWEqk/Jc4=
github.com/hashicorp/errwrap v1.1.0 h1:OxrOeh75EUXMY8TBjag2fzXGZ40LB6IKw45YeGUDY2I=
github.com/hashicorp/errwrap v1.1.0/go.mod h1:YH+1FKiLXxHSkmPseP+kNlulaMuP3n2brvKWEqk/Jc4=
github.com/hashicorp/go-checkpoint v0.5.0 h1:MFYpPZCnQqQTE18jFwSII6eUQrD/oxMFp3mlgcqk5mU=
github.com/hashicorp/go-checkpoint v0.5.0/go.mod h1:7nfLNL10NsxqO4iWuW6tWW0HjZuDrwkBuEQsVcpCOgg=
github.com/hashicorp/go-cleanhttp v0.5.0/go.mod h1:JpRdi6/HCYpAwUzNwuwqhbovhLtngrth3wmdIIUrZ80=
github.com/hashicorp/go-cleanhttp v0.5.2 h1:035FKYIWjmULyFRBKPs8TBQoi0x6d9G4xc9neXJWAZQ=
github.com/hashicorp/go-cleanhttp v0.5.2/go.mod h1:kO/YDlP8L1346E6Sodw+PrpBSV4/SoxCXGY6BqNFT48=
github.com/hashicorp/go-cty v1.5.0 h1:EkQ/v+dDNUqnuVpmS5fPqyY71NXVgT5gf32+57xY8g0=
github.com/hashicorp/go-cty v1.5.0/go.mod h1:lFUCG5kd8exDobgSfyj4ONE/dc822kiYMguVKdHGMLM=
github.com/hashicorp/go-hclog v1.6.3 h1:Qr2kF+eVWjTiYmU7Y31tYlP1h0q/X3Nl3tPGdaB11/k=
github.com/hashicorp/go-hclog v1.6.3/go.mod h1:W4Qnvbt70Wk/zYJryRzDRU/4r0kIg0PVHBcfoyhpF5M=
github.com/hashicorp/go-multierror v1.1.1 h1:H5DkEtf6CXdFp0N0Em5UCwQpXMWke8IA0+lD48awMYo=
github.com/hashicorp/go-multierror v1.1.1/go.mod h1:iw975J/qwKPdAO1clOe2L8331t/9/fmwbPZ6JB6eMoM=
github.com/hashicorp/go-plugin v1.8.0 h1:ie8S6RRY8RvB2usYZv+AAZ/wBvx2AU5p5QeP5j/FORs=
github.com/hashicorp/go-plugin v1.8.0/go.mod h1:BExt6KEaIYx804z8k4gRzRLEvxKVb+kn0NMcihqOqb8=
github.com/hashicorp/go-retryablehttp v0.7.8 h1:ylXZWnqa7Lhqpk0L1P1LzDtGcCR0rPVUrx/c8Unxc48=
github.com/hashicorp/go-retryablehttp v0.7.8/go.mod h1:rjiScheydd+CxvumBsIrFKlx3iS0jrZ7LvzFGFmuKbw=
github.com/hashicorp/go-uuid v1.0.0/go.mod h1:6SBZvOh/SIDV7/2o3Jml5SYk/TvGqwFJ/bN7x4byOro=
github.com/hashicorp/go-uuid v1.0.3 h1:2gKiV6YVmrJ1i2CKKa9obLvRieoRGviZFL26PcT/Co8=
github.com/hashicorp/go-uuid v1.0.3/go.mod h1:6SBZvOh/SIDV7/2o3Jml5SYk/TvGqwFJ/bN7x4byOro=
github.com/hashicorp/go-version v1.9.0 h1:CeOIz6k+LoN3qX9Z0tyQrPtiB1DFYRPfCIBtaXPSCnA=
github.com/hashicorp/go-version v1.9.0/go.mod h1:fltr4n8CU8Ke44wwGCBoEymUuxUHl09ZGVZPK5anwXA=
github.com/hashicorp/hc-install v0.9.5 h1:XHCjcMn2563ysuaQ9v9ec2FNc7c2PJOIEEGobAFeIx4=
github.com/hashicorp/hc-install v0.9.5/go.mod h1:ihEW4LshrNkxq2bU/MpVbKyn+yt1is2hYqUTHDGhG84=
github.com/hashicorp/hcl v1.0.0 h1:0Anlzjpi4vEasTeNFn2mLJgTSwt0+6sfsiTG8qcWGx4=
github.com/hashicorp/hcl v1.0.0/go.mod h1:E5yfLk+7swimpb2L/Alb/PJmXilQ/rhwaUYs4T20WEQ=
github.com/hashicorp/hcl/v2 v2.24.0 h1:2QJdZ454DSsYGoaE6QheQZjtKZSUs9Nh2izTWiwQxvE=
github.com/hashicorp/hcl/v2 v2.24.0/go.mod h1:oGoO1FIQYfn/AgyOhlg9qLC6/nOJPX3qGbkZpYAcqfM=
github.com/hashicorp/logutils v1.0.0 h1:dLEQVugN8vlakKOUE3ihGLTZJRB4j+M2cdTm/ORI65Y=
github.com/hashicorp/logutils v1.0.0/go.mod h1:QIAnNjmIWmVIIkWDTG1z5v++HQmx9WQRO+LraFDTW64=
github.com/hashicorp/terraform-exec v0.25.2 h1:fFLAVEtAjKdGfawGUXDnKooCnqJi+TuohT3W99AGbhk=
github.com/hashicorp/terraform-exec v0.25.2/go.mod h1:uaQV2oqVLqM4cixJryk6qIWS1qji3GtuwPG5pjGXYfc=
github.com/hashicorp/terraform-json v0.28.0 h1:dOkJT55rWfU6T1/VklHde51ym4LfNP+9xYR3ZizAJe4=
github.com/hashicorp/terraform-json v0.28.0/go.mod h1:PJIRf+Yzu5iLb52c/xYp1tUOL4jzMzfIAB5gvWWKIWE=
github.com/hashicorp/terraform-plugin-framework v1.19.0 h1:q0bwyhxAOR3vfdgbk9iplv3MlTv/dhBHTXjQOtQDoBA=
github.com/hashicorp/terraform-plugin-framework v1.19.0/go.mod h1:YRXOBu0jvs7xp4AThBbX4mAzYaMJ1JgtFH//oGKxwLc=
github.com/hashicorp/terraform-plugin-framework-validators v0.19.0 h1:Zz3iGgzxe/1XBkooZCewS0nJAaCFPFPHdNJd8FgE4Ow=
github.com/hashicorp/terraform-plugin-framework-validators v0.19.0/go.mod h1:GBKTNGbGVJohU03dZ7U8wHqc2zYnMUawgCN+gC0itLc=
github.com/hashicorp/terraform-plugin-go v0.31.0 h1:0Fz2r9DQ+kNNl6bx8HRxFd1TfMKUvnrOtvJPmp3Z0q8=
github.com/hashicorp/terraform-plugin-go v0.31.0/go.mod h1:A88bDhd/cW7FnwqxQRz3slT+QY6yzbHKc6AOTtmdeS8=
github.com/hashicorp/terraform-plugin-log v0.10.0 h1:eu2kW6/QBVdN4P3Ju2WiB2W3ObjkAsyfBsL3Wh1fj3g=
github.com/hashicorp/terraform-plugin-log v0.10.0/go.mod h1:/9RR5Cv2aAbrqcTSdNmY1NRHP4E3ekrXRGjqORpXyB0=
github.com/hashicorp/terraform-plugin-mux v0.23.1 h1:B93b4hEj8cPKh24WJH2dJJAS3a5lxZANykrz4Or3fgo=
github.com/hashicorp/terraform-plugin-mux v0.23.1/go.mod h1:IwuivHNfDVeuDbVvg6fnAYEEEVx881STwJHsl/00UkQ=
github.com/hashicorp/terraform-plugin-sdk/v2 v2.40.1 h1:2yPUd7esMOpuTaG3y1iEla1iw+tla+3ZEkkBnmOAre4=
github.com/hashicorp/terraform-plugin-sdk/v2 v2.40.1/go.mod h1:sq8qsxh+PwdvTQFcd17kfCoBgQo46ADNMvCpKE7t/gY=
github.com/hashicorp/terraform-plugin-testing v1.16.0 h1:GB97nGnJ1hESpDrCjqZig38RodSF0gdRzxlDupLXP38=
github.com/hashicorp/terraform-plugin-testing v1.16.0/go.mod h1:eQPYAy9xFMV7xtIFX8Y+wJGtUB++HBl329zCF6PBMZk=
github.com/hashicorp/terraform-registry-address v0.4.0 h1:S1yCGomj30Sao4l5BMPjTGZmCNzuv7/GDTDX99E9gTk=
github.com/hashicorp/terraform-registry-address v0.4.0/go.mod h1:LRS1Ay0+mAiRkUyltGT+UHWkIqTFvigGn/LbMshfflE=
github.com/hashicorp/terraform-svchost v0.2.1 h1:ubvrTFw3Q7CsoEaX7V06PtCTKG3wu7GyyobAoN4eF3Q=
github.com/hashicorp/terraform-svchost v0.2.1/go.mod h1:zDMheBLvNzu7Q6o9TBvPqiZToJcSuCLXjAXxBslSky4=
github.com/hashicorp/yamux v0.1.2 h1:XtB8kyFOyHXYVFnwT5C3+Bdo8gArse7j2AQ0DA0Uey8=
github.com/hashicorp/yamux v0.1.2/go.mod h1:C+zze2n6e/7wshOZep2A70/aQU6QBRWJO/G6FT1wIns=
github.com/jbenet/go-context v0.0.0-20150711004518-d14ea06fba99 h1:BQSFePA1RWJOlocH6Fxy8MmwDt+yVQYULKfN0RoTN8A=
github.com/jbenet/go-context v0.0.0-20150711004518-d14ea06fba99/go.mod h1:1lJo3i6rXxKeerYnT8Nvf0QmHCRC1n8sfWVwXF2Frvo=
github.com/jhump/protoreflect v1.17.0 h1:qOEr613fac2lOuTgWN4tPAtLL7fUSbuJL5X5XumQh94=
github.com/jhump/protoreflect v1.17.0/go.mod h1:h9+vUUL38jiBzck8ck+6G/aeMX8Z4QUY/NiJPwPNi+8=
github.com/jmoiron/sqlx v1.4.0 h1:1PLqN7S1UYp5t4SrVVnt4nUVNemrDAtxlulVe+Qgm3o=
github.com/jmoiron/sqlx v1.4.0/go.mod h1:ZrZ7UsYB/weZdl2Bxg6jCRO9c3YHl8r3ahlKmRT4JLY=
github.com/kevinburke/ssh_config v1.2.0 h1:x584FjTGwHzMwvHx18PXxbBVzfnxogHaAReU4gf13a4=
github.com/kevinburke/ssh_config v1.2.0/go.mod h1:CT57kijsi8u/K/BOFA39wgDQJ9CxiF4nAY/ojJ6r6mM=
github.com/klauspost/compress v1.18.6 h1:2jupLlAwFm95+YDR+NwD2MEfFO9d4z4Prjl1XXDjuao=
github.com/klauspost/compress v1.18.6/go.mod h1:cwPg85FWrGar70rWktvGQj8/hthj3wpl0PGDogxkrSQ=
github.com/klauspost/cpuid/v2 v2.3.0 h1:S4CRMLnYUhGeDFDqkGriYKdfoFlDnMtqTiI/sFzhA9Y=
github.com/klauspost/cpuid/v2 v2.3.0/go.mod h1:hqwkgyIinND0mEev00jJYCxPNVRVXFQeu1XKlok6oO0=
github.com/kr/pretty v0.1.0/go.mod h1:dAy3ld7l9f0ibDNOQOHHMYYIIbhfbHSm3C4ZsoJORNo=
github.com/kr/pretty v0.3.1 h1:flRD4NNwYAUpkphVc1HcthR4KEIFJ65n8Mw5qdRn3LE=
github.com/kr/pretty v0.3.1/go.mod h1:hoEshYVHaxMs3cyo3Yncou5ZscifuDolrwPKZanG3xk=
github.com/kr/pty v1.1.1/go.mod h1:pFQYn66WHrOpPYNljwOMqo10TkYh1fy3cYio2l3bCsQ=
github.com/kr/text v0.1.0/go.mod h1:4Jbv+DJW3UT/LiOwJeYQe1efqtUx/iVham/4vfdArNI=
github.com/kr/text v0.2.0 h1:5Nx0Ya0ZqY2ygV366QzturHI13Jq95ApcVaJBhpS+AY=
github.com/kr/text v0.2.0/go.mod h1:eLer722TekiGuMkidMxC/pM04lWEeraHUUmBw8l2grE=
github.com/kylelemons/godebug v1.1.0 h1:RPNrshWIDI6G2gRW9EHilWtl7Z6Sb1BR0xunSBf0SNc=
github.com/kylelemons/godebug v1.1.0/go.mod h1:9/0rRGxNHcop5bhtWyNeEfOS8JIWk580+fNqagV/RAw=
github.com/lib/pq v1.10.9 h1:YXG7RB+JIjhP29X+OtkiDnYaXQwpS4JEWq7dtCCRUEw=
github.com/lib/pq v1.10.9/go.mod h1:AlVN5x4E4T544tWzH6hKfbfQvm3HdbOxrmggDNAPY9o=
github.com/mattn/go-colorable v0.1.9/go.mod h1:u6P/XSegPjTcexA+o6vUJrdnUu04hMope9wVRipJSqc=
github.com/mattn/go-colorable v0.1.12/go.mod h1:u5H1YNBxpqRaxsYJYSkiCWKzEfiAb1Gb520KVy5xxl4=
github.com/mattn/go-colorable v0.1.15 h1:+u9SLTRGnXv73cEsnsmoZBom+dMU88B2M0aDcWy0/jY=
github.com/mattn/go-colorable v0.1.15/go.mod h1:6LmQG8QLFO4G5z1gPvYEzlUgJ2wF+stgPZH1UqBm1s8=
github.com/mattn/go-isatty v0.0.12/go.mod h1:cbi8OIDigv2wuxKPP5vlRcQ1OAZbq2CE4Kysco4FUpU=
github.com/mattn/go-isatty v0.0.14/go.mod h1:7GGIvUiUoEMVVmxf/4nioHXj79iQHKdU27kJ6hsGG94=
github.com/mattn/go-isatty v0.0.22 h1:j8l17JJ9i6VGPUFUYoTUKPSgKe/83EYU2zBC7YNKMw4=
github.com/mattn/go-isatty v0.0.22/go.mod h1:ZXfXG4SQHsB/w3ZeOYbR0PrPwLy+n6xiMrJlRFqopa4=
github.com/mattn/go-sqlite3 v1.14.22 h1:2gZY6PC6kBnID23Tichd1K+Z0oS6nE/XwU+Vz/5o4kU=
github.com/mattn/go-sqlite3 v1.14.22/go.mod h1:Uh1q+B4BYcTPb+yiD3kU8Ct7aC0hY9fxUwlHK0RXw+Y=
github.com/mitchellh/copystructure v1.2.0 h1:vpKXTN4ewci03Vljg/q9QvCGUDttBOGBIa15WveJJGw=
github.com/mitchellh/copystructure v1.2.0/go.mod h1:qLl+cE2AmVv+CoeAwDPye/v+N2HKCj9FbZEVFJRxO9s=
github.com/mitchellh/go-testing-interface v1.14.1 h1:jrgshOhYAUVNMAJiKbEu7EqAwgJJ2JqpQmpLJOu07cU=
github.com/mitchellh/go-testing-interface v1.14.1/go.mod h1:gfgS7OtZj6MA4U1UrDRp04twqAjfvlZyCfX3sDjEym8=
github.com/mitchellh/go-wordwrap v1.0.1 h1:TLuKupo69TCn6TQSyGxwI1EblZZEsQ0vMlAFQflz0v0=
github.com/mitchellh/go-wordwrap v1.0.1/go.mod h1:R62XHJLzvMFRBbcrT7m7WgmE1eOyTSsCt+hzestvNj0=
github.com/mitchellh/mapstructure v1.5.0 h1:jeMsZIYE/09sWLaz43PL7Gy6RuMjD2eJVyuac5Z2hdY=
github.com/mitchellh/mapstructure v1.5.0/go.mod h1:bFUtVrKA4DC2yAKiSyO/QUcy7e+RRV2QTWOzhPopBRo=
github.com/mitchellh/reflectwalk v1.0.2 h1:G2LzWKi524PWgd3mLHV8Y5k7s6XUvT0Gef6zxSIeXaQ=
github.com/mitchellh/reflectwalk v1.0.2/go.mod h1:mSTlrgnPZtwu0c4WaC2kGObEpuNDbx0jmZXqmk4esnw=
github.com/mtibben/percent v0.2.1 h1:5gssi8Nqo8QU/r2pynCm+hBQHpkB/uNK7BJCFogWdzs=
github.com/mtibben/percent v0.2.1/go.mod h1:KG9uO+SZkUp+VkRHsCdYQV3XSZrrSpR3O9ibNBTZrns=
github.com/niemeyer/pretty v0.0.0-20200227124842-a10e7caefd8e/go.mod h1:zD1mROLANZcx1PVRCS0qkT7pwLkGfwJo4zjcN/Tysno=
github.com/oklog/run v1.2.0 h1:O8x3yXwah4A73hJdlrwo/2X6J62gE5qTMusH0dvz60E=
github.com/oklog/run v1.2.0/go.mod h1:mgDbKRSwPhJfesJ4PntqFUbKQRZ50NgmZTSPlFA0YFk=
github.com/pelletier/go-toml/v2 v2.4.3 h1:GTRvJQutkOSftxIFD5xw9aepkYNuPWmVJpffdDPYVpY=
github.com/pelletier/go-toml/v2 v2.4.3/go.mod h1:2gIqNv+qfxSVS7cM2xJQKtLSTLUE9V8t9Stt+h56mCY=
github.com/pierrec/lz4/v4 v4.1.27 h1:+PhzhWDrjRj89TH2sw43nE3+4+W8lSxIuQadEHZyjUk=
github.com/pierrec/lz4/v4 v4.1.27/go.mod h1:EoQMVJgeeEOMsCqCzqFm2O0cJvljX2nGZjcRIPL34O4=
github.com/pjbgf/sha1cd v0.3.2 h1:a9wb0bp1oC2TGwStyn0Umc/IGKQnEgF0vVaZ8QF8eo4=
github.com/pjbgf/sha1cd v0.3.2/go.mod h1:zQWigSxVmsHEZow5qaLtPYxpcKMMQpa09ixqBxuCS6A=
github.com/pkg/browser v0.0.0-20240102092130-5ac0b6a4141c h1:+mdjkGKdHQG3305AYmdv1U2eRNDiU2ErMBj1gwrq8eQ=
github.com/pkg/browser v0.0.0-20240102092130-5ac0b6a4141c/go.mod h1:7rwL4CYBLnjLxUqIJNnCWiEdr3bn6IUYi15bNlnbCCU=
github.com/pmezard/go-difflib v1.0.0/go.mod h1:iKH77koFhYxTK1pcRnkKkqfTogsbg7gZNVY4sRDYZ/4=
github.com/rogpeppe/go-internal v1.15.0 h1:D0RCU5rMAp+SpgkiNdrjfJ+LX4J1M32V2NeCY7EJ6hc=
github.com/rogpeppe/go-internal v1.15.0/go.mod h1:DrUVZyrJU+txYW5/1kwtXQSMFio52ZOxX7yM1VHvnxs=
github.com/sergi/go-diff v1.3.2-0.20230802210424-5b0b94c5c0d3 h1:n661drycOFuPLCN3Uc8sB6B/s6Z4t2xvBgU1htSHuq8=
github.com/sergi/go-diff v1.3.2-0.20230802210424-5b0b94c5c0d3/go.mod h1:A0bzQcvG0E7Rwjx0REVgAGH58e96+X0MeOfepqsbeW4=
github.com/skeema/knownhosts v1.3.1 h1:X2osQ+RAjK76shCbvhHHHVl3ZlgDm8apHEHFqRjnBY8=
github.com/skeema/knownhosts v1.3.1/go.mod h1:r7KTdC8l4uxWRyK2TpQZ/1o5HaSzh06ePQNxPwTcfiY=
github.com/snowflakedb/gosnowflake/v2 v2.2.0 h1:zm0fhoAknhZ+DZ9crMGbIrTxFZhS2yVlPbJ6EqjyWdE=
github.com/snowflakedb/gosnowflake/v2 v2.2.0/go.mod h1:poUMAfesYFh8piXMqKVPW304tekACzv1cfskxMdpikY=
github.com/stretchr/objx v0.1.0/go.mod h1:HFkY916IF+rwdDfMAkV7OtwuqBVzrE8GR6GFx+wExME=
github.com/stretchr/objx v0.5.3 h1:jmXUvGomnU1o3W/V5h2VEradbpJDwGrzugQQvL0POH4=
github.com/stretchr/objx v0.5.3/go.mod h1:rDQraq+vQZU7Fde9LOZLr8Tax6zZvy4kuNKF+QYS+U0=
github.com/stretchr/testify v1.7.2/go.mod h1:R6va5+xMeoiuVRoj+gSkQ7d3FALtqAAGI1FQKckRals=
github.com/stretchr/testify v1.12.1 h1:EuwCh5fleGS7H32xRwO3wRGT7DxrDhLAT6FF8MpWDWE=
github.com/stretchr/testify v1.12.1/go.mod h1:MDEgiDPPsNp5cuIrHPPCyornHKgEVbtFUmoNlxoYthg=
github.com/vmihailenco/msgpack v3.3.3+incompatible/go.mod h1:fy3FlTQTDXWkZ7Bh6AcGMlsjHatGryHQYUTf1ShIgkk=
github.com/vmihailenco/msgpack v4.0.4+incompatible h1:dSLoQfGFAo3F6OoNhwUmLwVgaUXK79GlxNBwueZn0xI=
github.com/vmihailenco/msgpack v4.0.4+incompatible/go.mod h1:fy3FlTQTDXWkZ7Bh6AcGMlsjHatGryHQYUTf1ShIgkk=
github.com/vmihailenco/msgpack/v5 v5.4.1 h1:cQriyiUvjTwOHg8QZaPihLWeRAAVoCpE00IUPn0Bjt8=
github.com/vmihailenco/msgpack/v5 v5.4.1/go.mod h1:GaZTsDaehaPpQVyxrf5mtQlH+pc21PIudVV/E3rRQok=
github.com/vmihailenco/tagparser/v2 v2.0.0 h1:y09buUbR+b5aycVFQs/g70pqKVZNBmxwAhO7/IwNM9g=
github.com/vmihailenco/tagparser/v2 v2.0.0/go.mod h1:Wri+At7QHww0WTrCBeu4J6bNtoV6mEfg5OIWRZA9qds=
github.com/xanzy/ssh-agent v0.3.3 h1:+/15pJfg/RsTxqYcX6fHqOXZwwMP+2VyYWJeWM2qQFM=
github.com/xanzy/ssh-agent v0.3.3/go.mod h1:6dzNDKs0J9rVPHPhaGCukekBHKqfl+L3KghI1Bc68Uw=
github.com/youmark/pkcs8 v0.0.0-20240726163527-a2c0da244d78 h1:ilQV1hzziu+LLM3zUTJ0trRztfwgjqKnBWNtSRkbmwM=
github.com/youmark/pkcs8 v0.0.0-20240726163527-a2c0da244d78/go.mod h1:aL8wCCfTfSfmXjznFBSZNN13rSJjlIOI1fUNAtF7rmI=
github.com/yuin/goldmark v1.4.13/go.mod h1:6yULJ656Px+3vBD8DxQVa3kxgyrAnzto9xy5taEt/CY=
github.com/zclconf/go-cty v1.18.1 h1:yEGE8M4iIZlyKQURZNb2SnEyZlZHUcBCnx6KF81KuwM=
github.com/zclconf/go-cty v1.18.1/go.mod h1:qpnV6EDNgC1sns/AleL1fvatHw72j+S+nS+MJ+T2CSg=
github.com/zclconf/go-cty-debug v0.0.0-20240509010212-0d6042c53940 h1:4r45xpDWB6ZMSMNJFMOjqrGHynW3DIBuR2H9j0ug+Mo=
github.com/zclconf/go-cty-debug v0.0.0-20240509010212-0d6042c53940/go.mod h1:CmBdvvj3nqzfzJ6nTCIwDTPZ56aVGvDrmztiO5g3qrM=
github.com/zeebo/assert v1.3.0 h1:g7C04CbJuIDKNPFHmsk4hwZDO5O+kntRxzaUoNXj+IQ=
github.com/zeebo/assert v1.3.0/go.mod h1:Pq9JiuJQpG8JLJdtkwrJESF0Foym2/D9XMU5ciN/wJ0=
github.com/zeebo/xxh3 v1.1.0 h1:s7DLGDK45Dyfg7++yxI0khrfwq9661w9EN78eP/UZVs=
github.com/zeebo/xxh3 v1.1.0/go.mod h1:IisAie1LELR4xhVinxWS5+zf1lA4p0MW4T+w+W07F5s=
go.opentelemetry.io/auto/sdk v1.2.1 h1:jXsnJ4Lmnqd11kwkBV2LgLoFMZKizbCi5fNZ/ipaZ64=
go.opentelemetry.io/auto/sdk v1.2.1/go.mod h1:KRTj+aOaElaLi+wW1kO/DZRXwkF4C5xPbEe3ZiIhN7Y=
go.opentelemetry.io/otel v1.44.0 h1:JjwHmHpA4iZ3wBxluu2fbbE7j4kqlE8jXyAyPXH7HqU=
go.opentelemetry.io/otel v1.44.0/go.mod h1:BMgjTHL9WPRlRjL2oZCBTL4whCGtXch2H4BhOPIAyYc=
go.opentelemetry.io/otel/metric v1.44.0 h1:1w0gILTcHdr3YI+ixLyjemwrVnsMURbTZFrSYCdDdmc=
go.opentelemetry.io/otel/metric v1.44.0/go.mod h1:8O7hanEPBNgEMmybD3s2VBKcgWOCsA6tzHBPODAiquo=
go.opentelemetry.io/otel/sdk v1.43.0 h1:pi5mE86i5rTeLXqoF/hhiBtUNcrAGHLKQdhg4h4V9Dg=
go.opentelemetry.io/otel/sdk v1.43.0/go.mod h1:P+IkVU3iWukmiit/Yf9AWvpyRDlUeBaRg6Y+C58QHzg=
go.opentelemetry.io/otel/sdk/metric v1.43.0 h1:S88dyqXjJkuBNLeMcVPRFXpRw2fuwdvfCGLEo89fDkw=
go.opentelemetry.io/otel/sdk/metric v1.43.0/go.mod h1:C/RJtwSEJ5hzTiUz5pXF1kILHStzb9zFlIEe85bhj6A=
go.opentelemetry.io/otel/trace v1.44.0 h1:jxF5CsGYCe74MCRx2X4g7WsY/VBKRqqpNvXlX/6gtIk=
go.opentelemetry.io/otel/trace v1.44.0/go.mod h1:oLl1jrMQAVo6v3GAggN+1VH9VIz9iUSvW53sW1Q8PIE=
go.yaml.in/yaml/v3 v3.0.5 h1:N6y/pJk8buWs9NY5ERU2HSMfm+IuD/OtfdAnq6kESPw=
go.yaml.in/yaml/v3 v3.0.5/go.mod h1:HVTZu1O7/Vkt2N+BFy8Zza+lnLsABggaTM2ZpNIGuKg=
golang.org/x/crypto v0.0.0-20190308221718-c2843e01d9a2/go.mod h1:djNgcEr1/C05ACkg1iLfiJU5Ep61QUkGW8qpdssI0+w=
golang.org/x/crypto v0.0.0-20210921155107-089bfa567519/go.mod h1:GvvjBRRGRdwPK5ydBHafDWAxML/pGHZbMvKqRZ5+Abc=
golang.org/x/crypto v0.56.0 h1:GUh5Ii4J5jtcseSMiRqr1jXCNHoxjeV9Fmekc2oLy6Y=
golang.org/x/crypto v0.56.0/go.mod h1:OMW5y6CY9l38uPLmxU6l6pwcXp1obtLo3e6gT7gQR2I=
golang.org/x/exp v0.0.0-20260611194520-c48552f49976 h1:X8Hz2ImujgbmetVuW+w2YkyZChE3cBpZi2P158rTG9M=
golang.org/x/exp v0.0.0-20260611194520-c48552f49976/go.mod h1:vnf4pv9iKZXY58sQE1L86zmNWJ4159e1RkcWiLCkeEY=
golang.org/x/mod v0.6.0-dev.0.20220419223038-86c51ed26bb4/go.mod h1:jJ57K6gSWd91VN4djpZkiMVwK6gcyfeH4XE8wZrZaV4=
golang.org/x/mod v0.39.0 h1:UF5zwQdCRRUpHfyPwr7d4UrGiVeldIsogtzWVnczL74=
golang.org/x/mod v0.39.0/go.mod h1:bvIbwjQ0HUFFf5AKukeeYQG4ZBUG9yxQbR9aEweIwYY=
golang.org/x/net v0.0.0-20190404232315-eb5bcb51f2a3/go.mod h1:t9HGtf8HONx5eT2rtn7q6eTqICYqUVnKs3thJo3Qplg=
golang.org/x/net v0.0.0-20190620200207-3b0461eec859/go.mod h1:z5CRVTTTmAJ677TzLLGU+0bjPO0LkuOLi4/5GtJWs/s=
golang.org/x/net v0.0.0-20210226172049-e18ecbb05110/go.mod h1:m0MpNAwzfU5UDzcl9v0D8zg8gWTRqZa9RBIspLL5mdg=
golang.org/x/net v0.0.0-20220722155237-a158d28d115b/go.mod h1:XRhObCWvk6IyKnWLug+ECip1KBveYUHfp+8e9klMJ9c=
golang.org/x/net v0.58.0 h1:ynWG7rqYi4ccpTEuPZ2QGWHktVEM9DMCj9yzDE0Q7To=
golang.org/x/net v0.58.0/go.mod h1:YwCddHnFlT7eLQqVprV19OnhLGtc5xOKgE0RyqgfWAU=
golang.org/x/oauth2 v0.36.0 h1:peZ/1z27fi9hUOFCAZaHyrpWG5lwe0RJEEEeH0ThlIs=
golang.org/x/oauth2 v0.36.0/go.mod h1:YDBUJMTkDnJS+A4BP4eZBjCqtokkg1hODuPjwiGPO7Q=
golang.org/x/sync v0.0.0-20180314180146-1d60e4601c6f/go.mod h1:RxMgew5VJxzue5/jJTE5uejpjVlOe/izrB70Jof72aM=
golang.org/x/sync v0.0.0-20190423024810-112230192c58/go.mod h1:RxMgew5VJxzue5/jJTE5uejpjVlOe/izrB70Jof72aM=
golang.org/x/sync v0.0.0-20220722155255-886fb9371eb4/go.mod h1:RxMgew5VJxzue5/jJTE5uejpjVlOe/izrB70Jof72aM=
golang.org/x/sync v0.22.0 h1:SZjpbeLmrCk4xhRSZFNZW5gFUeCeFgjekvI/+gfScek=
golang.org/x/sync v0.22.0/go.mod h1:9xrNwdLfx4jkKbNva9FpL6vEN7evnE43NNNJQ2LF3+0=
golang.org/x/sys v0.0.0-20190215142949-d0b11bdaac8a/go.mod h1:STP8DvDyc/dI5b8T5hshtkjS+E42TnysNCUPdjciGhY=
golang.org/x/sys v0.0.0-20200116001909-b77594299b42/go.mod h1:h1NjWce9XRLGQEsW7wpKNCjG9DtNlClVuFLEZdDNbEs=
golang.org/x/sys v0.0.0-20200223170610-d5e6a3e2c0ae/go.mod h1:h1NjWce9XRLGQEsW7wpKNCjG9DtNlClVuFLEZdDNbEs=
golang.org/x/sys v0.0.0-20201119102817-f84b799fce68/go.mod h1:h1NjWce9XRLGQEsW7wpKNCjG9DtNlClVuFLEZdDNbEs=
golang.org/x/sys v0.0.0-20210615035016-665e8c7367d1/go.mod h1:oPkhp1MJrh7nUepCBck5+mAzfO9JrbApNNgaTdGDITg=
golang.org/x/sys v0.0.0-20210630005230-0f9fa26af87c/go.mod h1:oPkhp1MJrh7nUepCBck5+mAzfO9JrbApNNgaTdGDITg=
golang.org/x/sys v0.0.0-20210927094055-39ccf1dd6fa6/go.mod h1:oPkhp1MJrh7nUepCBck5+mAzfO9JrbApNNgaTdGDITg=
golang.org/x/sys v0.0.0-20220503163025-988cb79eb6c6/go.mod h1:oPkhp1MJrh7nUepCBck5+mAzfO9JrbApNNgaTdGDITg=
golang.org/x/sys v0.0.0-20220520151302-bc2c85ada10a/go.mod h1:oPkhp1MJrh7nUepCBck5+mAzfO9JrbApNNgaTdGDITg=
golang.org/x/sys v0.0.0-20220722155257-8c9f86f7a55f/go.mod h1:oPkhp1MJrh7nUepCBck5+mAzfO9JrbApNNgaTdGDITg=
golang.org/x/sys v0.1.0/go.mod h1:oPkhp1MJrh7nUepCBck5+mAzfO9JrbApNNgaTdGDITg=
golang.org/x/sys v0.47.0 h1:o7XGOvZQCADBQQ4Y7VNq2dRWQR7JmOUW8Kxx4ZsNgWs=
golang.org/x/sys v0.47.0/go.mod h1:4GL1E5IUh+htKOUEOaiffhrAeqysfVGipDYzABqnCmw=
golang.org/x/term v0.0.0-20201126162022-7de9c90e9dd1/go.mod h1:bj7SfCRtBDWHUb9snDiAeCFNEtKQo2Wmx5Cou7ajbmo=
golang.org/x/term v0.0.0-20210927222741-03fcf44c2211/go.mod h1:jbD1KX2456YbFQfuXm/mYQcufACuNUgVhRMnK/tPxf8=
golang.org/x/term v0.45.0 h1:NwWyBmoJCbfTHpxrWoZ9C6/VxOf7ic219I8xZZFdrf0=
golang.org/x/term v0.45.0/go.mod h1:9aqxs0blBcrm/n0L9QW0aRVD+ktan8ssZromtqJC43w=
golang.org/x/text v0.3.0/go.mod h1:NqM8EUOU14njkJ3fqMW+pc6Ldnwhi/IjpwHt7yyuwOQ=
golang.org/x/text v0.3.3/go.mod h1:5Zoc/QRtKVWzQhOtBMvqHzDpF6irO9z98xDceosuGiQ=
golang.org/x/text v0.3.7/go.mod h1:u+2+/6zg+i71rQMx5EYifcz6MCKuco9NR6JIITiCfzQ=
golang.org/x/text v0.3.8/go.mod h1:E6s5w1FMmriuDzIBO73fBruAKo1PCIq6d2Q6DHfQ8WQ=
golang.org/x/text v0.41.0 h1:vz/seA0lnX87Othu2f/0L24RcgrXD9/YFTSuGjj3rH8=
golang.org/x/text v0.41.0/go.mod h1:jvf1O8ajNzZqhSrQBPbutR/EB83Cc0CFrezNQIwbb5M=
golang.org/x/tools v0.0.0-20180917221912-90fa682c2a6e/go.mod h1:n7NCudcB/nEzxVGmLbDWY5pfWTLqBcC2KZ6jyYvM4mQ=
golang.org/x/tools v0.0.0-20191119224855-298f0cb1881e/go.mod h1:b+2E5dAYhXwXZwtnZ6UAqBI28+e2cm9otk0dWdXHAEo=
golang.org/x/tools v0.1.12/go.mod h1:hNGJHUnrk76NpqgfD5Aqm5Crs+Hm0VOH/i9J2+nxYbc=
golang.org/x/tools v0.49.0 h1:3NI7VXzL9+1WZD52Dx2ttoPwD5DWrFGpl9mFZDlmisI=
golang.org/x/tools v0.49.0/go.mod h1:SJNXV9DBKT0UbdttsQjbfJlAE/q+y36++zo3uL3N0Oo=
golang.org/x/xerrors v0.0.0-20190717185122-a985d3407aa7/go.mod h1:I/5z698sn9Ka8TeJc9MKroUUfqBBauWjQqLJ2OPfmY0=
golang.org/x/xerrors v0.0.0-20191204190536-9bdfabe68543/go.mod h1:I/5z698sn9Ka8TeJc9MKroUUfqBBauWjQqLJ2OPfmY0=
gonum.org/v1/gonum v0.17.0 h1:VbpOemQlsSMrYmn7T2OUvQ4dqxQXU+ouZFQsZOx50z4=
gonum.org/v1/gonum v0.17.0/go.mod h1:El3tOrEuMpv2UdMrbNlKEh9vd86bmQ6vqIcDwxEOc1E=
google.golang.org/appengine v1.1.0/go.mod h1:EbEs0AVv82hx2wNQdGPgUI5lhzA/G0D9YwlJXL52JkM=
google.golang.org/appengine v1.6.8 h1:IhEN5q69dyKagZPYMSdIjS2HqprW324FRQZJcGqPAsM=
google.golang.org/appengine v1.6.8/go.mod h1:1jJ3jBArFh5pcgW8gCtRJnepW8FzD1V44FJffLiz/Ds=
google.golang.org/genproto/googleapis/rpc v0.0.0-20260615183401-62b3387ff324 h1:9HZDLIdYBJXAnaFOr9WHrKVycfpY+75s9HGadC0305A=
google.golang.org/genproto/googleapis/rpc v0.0.0-20260615183401-62b3387ff324/go.mod h1:4Hqkh8ycfw05ld/3BWL7rJOSfebL2Q+DVDeRgYgxUU8=
google.golang.org/grpc v1.81.1 h1:VnnIIZ88UzOOKLukQi+ImGz8O1Wdp8nAGGnvOfEIWQQ=
google.golang.org/grpc v1.81.1/go.mod h1:xGH9GfzOyMTGIOXBJmXt+BX/V0kcdQbdcuwQ/zNw42I=
google.golang.org/protobuf v1.26.0-rc.1/go.mod h1:jlhhOSvTdKEhbULTjvd4ARK9grFBp09yW+WbY/TyQbw=
google.golang.org/protobuf v1.26.0/go.mod h1:9q0QmTI4eRPtz6boOQmLYwt+qCgq0jsYwAQnmE0givc=
google.golang.org/protobuf v1.36.11 h1:fV6ZwhNocDyBLK0dj+fg8ektcVegBBuEolpbTQyBNVE=
google.golang.org/protobuf v1.36.11/go.mod h1:HTf+CrKn2C3g5S8VImy6tdcUvCska2kB7j23XfzDpco=
gopkg.in/check.v1 v0.0.0-20161208181325-20d25e280405/go.mod h1:Co6ibVJAznAaIkqp8huTwlJQCZ016jof/cbN4VW5Yz0=
gopkg.in/check.v1 v1.0.0-20180628173108-788fd7840127/go.mod h1:Co6ibVJAznAaIkqp8huTwlJQCZ016jof/cbN4VW5Yz0=
gopkg.in/check.v1 v1.0.0-20200902074654-038fdea0a05b/go.mod h1:Co6ibVJAznAaIkqp8huTwlJQCZ016jof/cbN4VW5Yz0=
gopkg.in/check.v1 v1.0.0-20201130134442-10cb98267c6c h1:Hei/4ADfdWqJk1ZMxUNpqntNwaWcugrBjAiHlqqRiVk=
gopkg.in/check.v1 v1.0.0-20201130134442-10cb98267c6c/go.mod h1:JHkPIbrfpd72SG/EVd6muEfDQjcINNoR0C8j2r3qZ4Q=
gopkg.in/warnings.v0 v0.1.2 h1:wFXVbFY8DY5/xOe1ECiWdKCzZlxgshcYVNkBHstARME=
gopkg.in/warnings.v0 v0.1.2/go.mod h1:jksf8JmL6Qr/oQM2OXTHunEvvTAsrWBLb6OOjuVWRNI=
gopkg.in/yaml.v3 v3.0.1/go.mod h1:K4uyk7z7BCEPqu6E+C64Yfv1cQ7kz7rIZviUmN+EgEM=
mvdan.cc/gofumpt v0.11.0 h1:0H01XB95PnN2QgCSR9ELdZyTlJqNZ7181B0BTMh5VZc=
mvdan.cc/gofumpt v0.11.0/go.mod h1:BeT5wCsOJt6J9zT2MZIOGszjUHzFkn1/l9g6xAzqsXo=
